
Microsoft Visual Studio Solution File, Format Version 12.00
# Visual Studio Version 17
VisualStudioVersion = 17.11.35327.3
MinimumVisualStudioVersion = 10.0.40219.1
Project("{FAE04EC0-301F-11D3-BF4B-00C04F79EFBC}") = "Mauordle", "Mauordle.csproj", "{224EFF55-628A-401B-9144-04E14B38E096}"
EndProject
Global
	GlobalSection(SolutionConfigurationPlatforms) = preSolution
		Debug|Any CPU = Debug|Any CPU
		Release|Any CPU = Release|Any CPU
	EndGlobalSection
	GlobalSection(ProjectConfigurationPlatforms) = postSolution
		{224EFF55-628A-401B-9144-04E14B38E096}.Debug|Any CPU.ActiveCfg = Debug|Any CPU
		{224EFF55-628A-401B-9144-04E14B38E096}.Debug|Any CPU.Build.0 = Debug|Any CPU
		{224EFF55-628A-401B-9144-04E14B38E096}.Debug|Any CPU.Deploy.0 = Debug|Any CPU
		{224EFF55-628A-401B-9144-04E14B38E096}.Release|Any CPU.ActiveCfg = Release|Any CPU
		{224EFF55-628A-401B-9144-04E14B38E096}.Release|Any CPU.Build.0 = Release|Any CPU
		{224EFF55-628A-401B-9144-04E14B38E096}.Release|Any CPU.Deploy.0 = Release|Any CPU
	EndGlobalSection
	GlobalSection(SolutionProperties) = preSolution
		HideSolutionNode = FALSE
	EndGlobalSection
	GlobalSection(ExtensibilityGlobals) = postSolution
		SolutionGuid = {907436A6-7099-4365-AC1A-FDE68191D29F}
	EndGlobalSection
EndGlobal
